
Microsoft Visual Studio Solution File, Format Version 12.00
# Visual Studio Version 17
VisualStudioVersion = 17.0.31912.275
MinimumVisualStudioVersion = 10.0.40219.1
Project("{FAE04EC0-301F-11D3-BF4B-00C04F79EFBC}") = "CateringLarissa2", "CateringLarissa2\CateringLarissa2.csproj", "{59A6357F-CF42-4FC6-A65F-06DD7391F47B}"
EndProject
Project("{2150E333-8FDC-42A3-9474-1A3956D46DE8}") = "Solution Items", "Solution Items", "{CB6ABBD0-9802-4E16-B269-808147254F3A}"
EndProject
Global
	GlobalSection(SolutionConfigurationPlatforms) = preSolution
		Debug|Any CPU = Debug|Any CPU
		Release|Any CPU = Release|Any CPU
	EndGlobalSection
	GlobalSection(ProjectConfigurationPlatforms) = postSolution
		{59A6357F-CF42-4FC6-A65F-06DD7391F47B}.Debug|Any CPU.ActiveCfg = Debug|Any CPU
		{59A6357F-CF42-4FC6-A65F-06DD7391F47B}.Debug|Any CPU.Build.0 = Debug|Any CPU
		{59A6357F-CF42-4FC6-A65F-06DD7391F47B}.Release|Any CPU.ActiveCfg = Release|Any CPU
		{59A6357F-CF42-4FC6-A65F-06DD7391F47B}.Release|Any CPU.Build.0 = Release|Any CPU
	EndGlobalSection
	GlobalSection(SolutionProperties) = preSolution
		HideSolutionNode = FALSE
	EndGlobalSection
	GlobalSection(ExtensibilityGlobals) = postSolution
		SolutionGuid = {31FA70B2-4351-436F-A355-2F6B460491F1}
	EndGlobalSection
EndGlobal
